
Microsoft Visual Studio Solution File, Format Version 12.00
# Visual Studio 15
Project("{FAE04EC0-301F-11D3-BF4B-00C04F79EFBC}") = "NoteKeeper.Android", "NoteKeeper.Android\NoteKeeper.Android.csproj", "{727BB688-6B88-40E4-A3E4-86FEED3B951D}"
EndProject
Project("{FAE04EC0-301F-11D3-BF4B-00C04F79EFBC}") = "NoteKeeper.iOS", "NoteKeeper.iOS\NoteKeeper.iOS.csproj", "{C9BF560E-EEAF-4C4A-902A-98068F50E4B3}"
EndProject
Project("{FAE04EC0-301F-11D3-BF4B-00C04F79EFBC}") = "NoteKeeper", "NoteKeeper\NoteKeeper.csproj", "{790BC618-A080-4F12-91E7-C693B746B384}"
EndProject
Global
	GlobalSection(SolutionConfigurationPlatforms) = preSolution
		Debug|Any CPU = Debug|Any CPU
		Release|Any CPU = Release|Any CPU
		Debug|iPhoneSimulator = Debug|iPhoneSimulator
		Release|iPhoneSimulator = Release|iPhoneSimulator
		Debug|iPhone = Debug|iPhone
		Release|iPhone = Release|iPhone
	EndGlobalSection
	GlobalSection(ProjectConfigurationPlatforms) = postSolution
		{727BB688-6B88-40E4-A3E4-86FEED3B951D}.Debug|Any CPU.ActiveCfg = Debug|Any CPU
		{727BB688-6B88-40E4-A3E4-86FEED3B951D}.Debug|Any CPU.Build.0 = Debug|Any CPU
		{727BB688-6B88-40E4-A3E4-86FEED3B951D}.Release|Any CPU.ActiveCfg = Release|Any CPU
		{727BB688-6B88-40E4-A3E4-86FEED3B951D}.Release|Any CPU.Build.0 = Release|Any CPU
		{727BB688-6B88-40E4-A3E4-86FEED3B951D}.Debug|iPhoneSimulator.ActiveCfg = Debug|Any CPU
		{727BB688-6B88-40E4-A3E4-86FEED3B951D}.Debug|iPhoneSimulator.Build.0 = Debug|Any CPU
		{727BB688-6B88-40E4-A3E4-86FEED3B951D}.Release|iPhoneSimulator.ActiveCfg = Release|Any CPU
		{727BB688-6B88-40E4-A3E4-86FEED3B951D}.Release|iPhoneSimulator.Build.0 = Release|Any CPU
		{727BB688-6B88-40E4-A3E4-86FEED3B951D}.Debug|iPhone.ActiveCfg = Debug|Any CPU
		{727BB688-6B88-40E4-A3E4-86FEED3B951D}.Debug|iPhone.Build.0 = Debug|Any CPU
		{727BB688-6B88-40E4-A3E4-86FEED3B951D}.Release|iPhone.ActiveCfg = Release|Any CPU
		{727BB688-6B88-40E4-A3E4-86FEED3B951D}.Release|iPhone.Build.0 = Release|Any CPU
		{C9BF560E-EEAF-4C4A-902A-98068F50E4B3}.Debug|Any CPU.ActiveCfg = Debug|iPhoneSimulator
		{C9BF560E-EEAF-4C4A-902A-98068F50E4B3}.Debug|Any CPU.Build.0 = Debug|iPhoneSimulator
		{C9BF560E-EEAF-4C4A-902A-98068F50E4B3}.Release|Any CPU.ActiveCfg = Release|iPhoneSimulator
		{C9BF560E-EEAF-4C4A-902A-98068F50E4B3}.Release|Any CPU.Build.0 = Release|iPhoneSimulator
		{C9BF560E-EEAF-4C4A-902A-98068F50E4B3}.Debug|iPhoneSimulator.ActiveCfg = Debug|iPhoneSimulator
		{C9BF560E-EEAF-4C4A-902A-98068F50E4B3}.Debug|iPhoneSimulator.Build.0 = Debug|iPhoneSimulator
		{C9BF560E-EEAF-4C4A-902A-98068F50E4B3}.Release|iPhoneSimulator.ActiveCfg = Release|iPhoneSimulator
		{C9BF560E-EEAF-4C4A-902A-98068F50E4B3}.Release|iPhoneSimulator.Build.0 = Release|iPhoneSimulator
		{C9BF560E-EEAF-4C4A-902A-98068F50E4B3}.Debug|iPhone.ActiveCfg = Debug|iPhone
		{C9BF560E-EEAF-4C4A-902A-98068F50E4B3}.Debug|iPhone.Build.0 = Debug|iPhone
		{C9BF560E-EEAF-4C4A-902A-98068F50E4B3}.Release|iPhone.ActiveCfg = Release|iPhone
		{C9BF560E-EEAF-4C4A-902A-98068F50E4B3}.Release|iPhone.Build.0 = Release|iPhone
		{790BC618-A080-4F12-91E7-C693B746B384}.Debug|Any CPU.ActiveCfg = Debug|Any CPU
		{790BC618-A080-4F12-91E7-C693B746B384}.Debug|Any CPU.Build.0 = Debug|Any CPU
		{790BC618-A080-4F12-91E7-C693B746B384}.Release|Any CPU.ActiveCfg = Release|Any CPU
		{790BC618-A080-4F12-91E7-C693B746B384}.Release|Any CPU.Build.0 = Release|Any CPU
		{790BC618-A080-4F12-91E7-C693B746B384}.Debug|iPhoneSimulator.ActiveCfg = Debug|Any CPU
		{790BC618-A080-4F12-91E7-C693B746B384}.Debug|iPhoneSimulator.Build.0 = Debug|Any CPU
		{790BC618-A080-4F12-91E7-C693B746B384}.Release|iPhoneSimulator.ActiveCfg = Release|Any CPU
		{790BC618-A080-4F12-91E7-C693B746B384}.Release|iPhoneSimulator.Build.0 = Release|Any CPU
		{790BC618-A080-4F12-91E7-C693B746B384}.Debug|iPhone.ActiveCfg = Debug|Any CPU
		{790BC618-A080-4F12-91E7-C693B746B384}.Debug|iPhone.Build.0 = Debug|Any CPU
		{790BC618-A080-4F12-91E7-C693B746B384}.Release|iPhone.ActiveCfg = Release|Any CPU
		{790BC618-A080-4F12-91E7-C693B746B384}.Release|iPhone.Build.0 = Release|Any CPU
	EndGlobalSection
EndGlobal
