
Microsoft Visual Studio Solution File, Format Version 12.00
# Visual Studio Version 16
VisualStudioVersion = 16.0.29709.97
MinimumVisualStudioVersion = 10.0.40219.1
Project("{FAE04EC0-301F-11D3-BF4B-00C04F79EFBC}") = "Quickstart", "Quickstart.csproj", "{DE47B345-FD24-48C5-BF49-98DE86B76240}"
EndProject
Global
	GlobalSection(SolutionConfigurationPlatforms) = preSolution
		Debug|iPhone = Debug|iPhone
		Debug|iPhoneSimulator = Debug|iPhoneSimulator
		Release|iPhone = Release|iPhone
		Release|iPhoneSimulator = Release|iPhoneSimulator
	EndGlobalSection
	GlobalSection(ProjectConfigurationPlatforms) = postSolution
		{DE47B345-FD24-48C5-BF49-98DE86B76240}.Debug|iPhone.ActiveCfg = Debug|iPhone
		{DE47B345-FD24-48C5-BF49-98DE86B76240}.Debug|iPhone.Build.0 = Debug|iPhone
		{DE47B345-FD24-48C5-BF49-98DE86B76240}.Debug|iPhone.Deploy.0 = Debug|iPhone
		{DE47B345-FD24-48C5-BF49-98DE86B76240}.Debug|iPhoneSimulator.ActiveCfg = Debug|iPhoneSimulator
		{DE47B345-FD24-48C5-BF49-98DE86B76240}.Debug|iPhoneSimulator.Build.0 = Debug|iPhoneSimulator
		{DE47B345-FD24-48C5-BF49-98DE86B76240}.Debug|iPhoneSimulator.Deploy.0 = Debug|iPhoneSimulator
		{DE47B345-FD24-48C5-BF49-98DE86B76240}.Release|iPhone.ActiveCfg = Release|iPhone
		{DE47B345-FD24-48C5-BF49-98DE86B76240}.Release|iPhone.Build.0 = Release|iPhone
		{DE47B345-FD24-48C5-BF49-98DE86B76240}.Release|iPhone.Deploy.0 = Release|iPhone
		{DE47B345-FD24-48C5-BF49-98DE86B76240}.Release|iPhoneSimulator.ActiveCfg = Release|iPhoneSimulator
		{DE47B345-FD24-48C5-BF49-98DE86B76240}.Release|iPhoneSimulator.Build.0 = Release|iPhoneSimulator
		{DE47B345-FD24-48C5-BF49-98DE86B76240}.Release|iPhoneSimulator.Deploy.0 = Release|iPhoneSimulator
	EndGlobalSection
	GlobalSection(SolutionProperties) = preSolution
		HideSolutionNode = FALSE
	EndGlobalSection
	GlobalSection(ExtensibilityGlobals) = postSolution
		SolutionGuid = {E4CD05D4-EBB8-44B0-8E22-BAFBA42C5656}
	EndGlobalSection
EndGlobal
