
Microsoft Visual Studio Solution File, Format Version 12.00
# Visual Studio Version 16
VisualStudioVersion = 16.0.29709.97
MinimumVisualStudioVersion = 10.0.40219.1
Project("{FAE04EC0-301F-11D3-BF4B-00C04F79EFBC}") = "ShabdkoshApp.Android", "ShabdkoshApp.Android\ShabdkoshApp.Android.csproj", "{C6FEEF85-5C67-45F5-BAA9-8CF7919584A3}"
EndProject
Project("{FAE04EC0-301F-11D3-BF4B-00C04F79EFBC}") = "ShabdkoshApp.iOS", "ShabdkoshApp.iOS\ShabdkoshApp.iOS.csproj", "{F373CDD4-A81E-486D-8052-17E7EDE796CB}"
EndProject
Project("{FAE04EC0-301F-11D3-BF4B-00C04F79EFBC}") = "ShabdkoshApp", "ShabdkoshApp\ShabdkoshApp.csproj", "{69CC3932-B21D-462E-AA09-CBEC17E64E77}"
EndProject
Project("{FAE04EC0-301F-11D3-BF4B-00C04F79EFBC}") = "Shabdkosh.API", "Shabdkosh.API\Shabdkosh.API.csproj", "{3870A6E7-48E2-41FE-A704-6DA87BFE57A5}"
EndProject
Global
	GlobalSection(SolutionConfigurationPlatforms) = preSolution
		Debug|Any CPU = Debug|Any CPU
		Debug|iPhone = Debug|iPhone
		Debug|iPhoneSimulator = Debug|iPhoneSimulator
		Release|Any CPU = Release|Any CPU
		Release|iPhone = Release|iPhone
		Release|iPhoneSimulator = Release|iPhoneSimulator
	EndGlobalSection
	GlobalSection(ProjectConfigurationPlatforms) = postSolution
		{C6FEEF85-5C67-45F5-BAA9-8CF7919584A3}.Debug|Any CPU.ActiveCfg = Debug|Any CPU
		{C6FEEF85-5C67-45F5-BAA9-8CF7919584A3}.Debug|Any CPU.Build.0 = Debug|Any CPU
		{C6FEEF85-5C67-45F5-BAA9-8CF7919584A3}.Debug|Any CPU.Deploy.0 = Debug|Any CPU
		{C6FEEF85-5C67-45F5-BAA9-8CF7919584A3}.Debug|iPhone.ActiveCfg = Debug|Any CPU
		{C6FEEF85-5C67-45F5-BAA9-8CF7919584A3}.Debug|iPhone.Build.0 = Debug|Any CPU
		{C6FEEF85-5C67-45F5-BAA9-8CF7919584A3}.Debug|iPhone.Deploy.0 = Debug|Any CPU
		{C6FEEF85-5C67-45F5-BAA9-8CF7919584A3}.Debug|iPhoneSimulator.ActiveCfg = Debug|Any CPU
		{C6FEEF85-5C67-45F5-BAA9-8CF7919584A3}.Debug|iPhoneSimulator.Build.0 = Debug|Any CPU
		{C6FEEF85-5C67-45F5-BAA9-8CF7919584A3}.Debug|iPhoneSimulator.Deploy.0 = Debug|Any CPU
		{C6FEEF85-5C67-45F5-BAA9-8CF7919584A3}.Release|Any CPU.ActiveCfg = Release|Any CPU
		{C6FEEF85-5C67-45F5-BAA9-8CF7919584A3}.Release|Any CPU.Build.0 = Release|Any CPU
		{C6FEEF85-5C67-45F5-BAA9-8CF7919584A3}.Release|Any CPU.Deploy.0 = Release|Any CPU
		{C6FEEF85-5C67-45F5-BAA9-8CF7919584A3}.Release|iPhone.ActiveCfg = Release|Any CPU
		{C6FEEF85-5C67-45F5-BAA9-8CF7919584A3}.Release|iPhone.Build.0 = Release|Any CPU
		{C6FEEF85-5C67-45F5-BAA9-8CF7919584A3}.Release|iPhone.Deploy.0 = Release|Any CPU
		{C6FEEF85-5C67-45F5-BAA9-8CF7919584A3}.Release|iPhoneSimulator.ActiveCfg = Release|Any CPU
		{C6FEEF85-5C67-45F5-BAA9-8CF7919584A3}.Release|iPhoneSimulator.Build.0 = Release|Any CPU
		{C6FEEF85-5C67-45F5-BAA9-8CF7919584A3}.Release|iPhoneSimulator.Deploy.0 = Release|Any CPU
		{F373CDD4-A81E-486D-8052-17E7EDE796CB}.Debug|Any CPU.ActiveCfg = Debug|iPhoneSimulator
		{F373CDD4-A81E-486D-8052-17E7EDE796CB}.Debug|Any CPU.Build.0 = Debug|iPhoneSimulator
		{F373CDD4-A81E-486D-8052-17E7EDE796CB}.Debug|Any CPU.Deploy.0 = Debug|iPhoneSimulator
		{F373CDD4-A81E-486D-8052-17E7EDE796CB}.Debug|iPhone.ActiveCfg = Debug|iPhone
		{F373CDD4-A81E-486D-8052-17E7EDE796CB}.Debug|iPhone.Build.0 = Debug|iPhone
		{F373CDD4-A81E-486D-8052-17E7EDE796CB}.Debug|iPhone.Deploy.0 = Debug|iPhone
		{F373CDD4-A81E-486D-8052-17E7EDE796CB}.Debug|iPhoneSimulator.ActiveCfg = Debug|iPhoneSimulator
		{F373CDD4-A81E-486D-8052-17E7EDE796CB}.Debug|iPhoneSimulator.Build.0 = Debug|iPhoneSimulator
		{F373CDD4-A81E-486D-8052-17E7EDE796CB}.Debug|iPhoneSimulator.Deploy.0 = Debug|iPhoneSimulator
		{F373CDD4-A81E-486D-8052-17E7EDE796CB}.Release|Any CPU.ActiveCfg = Release|iPhone
		{F373CDD4-A81E-486D-8052-17E7EDE796CB}.Release|Any CPU.Build.0 = Release|iPhone
		{F373CDD4-A81E-486D-8052-17E7EDE796CB}.Release|Any CPU.Deploy.0 = Release|iPhone
		{F373CDD4-A81E-486D-8052-17E7EDE796CB}.Release|iPhone.ActiveCfg = Release|iPhone
		{F373CDD4-A81E-486D-8052-17E7EDE796CB}.Release|iPhone.Build.0 = Release|iPhone
		{F373CDD4-A81E-486D-8052-17E7EDE796CB}.Release|iPhone.Deploy.0 = Release|iPhone
		{F373CDD4-A81E-486D-8052-17E7EDE796CB}.Release|iPhoneSimulator.ActiveCfg = Release|iPhoneSimulator
		{F373CDD4-A81E-486D-8052-17E7EDE796CB}.Release|iPhoneSimulator.Build.0 = Release|iPhoneSimulator
		{F373CDD4-A81E-486D-8052-17E7EDE796CB}.Release|iPhoneSimulator.Deploy.0 = Release|iPhoneSimulator
		{69CC3932-B21D-462E-AA09-CBEC17E64E77}.Debug|Any CPU.ActiveCfg = Debug|Any CPU
		{69CC3932-B21D-462E-AA09-CBEC17E64E77}.Debug|Any CPU.Build.0 = Debug|Any CPU
		{69CC3932-B21D-462E-AA09-CBEC17E64E77}.Debug|Any CPU.Deploy.0 = Debug|Any CPU
		{69CC3932-B21D-462E-AA09-CBEC17E64E77}.Debug|iPhone.ActiveCfg = Debug|Any CPU
		{69CC3932-B21D-462E-AA09-CBEC17E64E77}.Debug|iPhone.Build.0 = Debug|Any CPU
		{69CC3932-B21D-462E-AA09-CBEC17E64E77}.Debug|iPhone.Deploy.0 = Debug|Any CPU
		{69CC3932-B21D-462E-AA09-CBEC17E64E77}.Debug|iPhoneSimulator.ActiveCfg = Debug|Any CPU
		{69CC3932-B21D-462E-AA09-CBEC17E64E77}.Debug|iPhoneSimulator.Build.0 = Debug|Any CPU
		{69CC3932-B21D-462E-AA09-CBEC17E64E77}.Debug|iPhoneSimulator.Deploy.0 = Debug|Any CPU
		{69CC3932-B21D-462E-AA09-CBEC17E64E77}.Release|Any CPU.ActiveCfg = Release|Any CPU
		{69CC3932-B21D-462E-AA09-CBEC17E64E77}.Release|Any CPU.Build.0 = Release|Any CPU
		{69CC3932-B21D-462E-AA09-CBEC17E64E77}.Release|Any CPU.Deploy.0 = Release|Any CPU
		{69CC3932-B21D-462E-AA09-CBEC17E64E77}.Release|iPhone.ActiveCfg = Release|Any CPU
		{69CC3932-B21D-462E-AA09-CBEC17E64E77}.Release|iPhone.Build.0 = Release|Any CPU
		{69CC3932-B21D-462E-AA09-CBEC17E64E77}.Release|iPhone.Deploy.0 = Release|Any CPU
		{69CC3932-B21D-462E-AA09-CBEC17E64E77}.Release|iPhoneSimulator.ActiveCfg = Release|Any CPU
		{69CC3932-B21D-462E-AA09-CBEC17E64E77}.Release|iPhoneSimulator.Build.0 = Release|Any CPU
		{69CC3932-B21D-462E-AA09-CBEC17E64E77}.Release|iPhoneSimulator.Deploy.0 = Release|Any CPU
		{3870A6E7-48E2-41FE-A704-6DA87BFE57A5}.Debug|Any CPU.ActiveCfg = Debug|Any CPU
		{3870A6E7-48E2-41FE-A704-6DA87BFE57A5}.Debug|Any CPU.Build.0 = Debug|Any CPU
		{3870A6E7-48E2-41FE-A704-6DA87BFE57A5}.Debug|iPhone.ActiveCfg = Debug|Any CPU
		{3870A6E7-48E2-41FE-A704-6DA87BFE57A5}.Debug|iPhone.Build.0 = Debug|Any CPU
		{3870A6E7-48E2-41FE-A704-6DA87BFE57A5}.Debug|iPhoneSimulator.ActiveCfg = Debug|Any CPU
		{3870A6E7-48E2-41FE-A704-6DA87BFE57A5}.Debug|iPhoneSimulator.Build.0 = Debug|Any CPU
		{3870A6E7-48E2-41FE-A704-6DA87BFE57A5}.Release|Any CPU.ActiveCfg = Release|Any CPU
		{3870A6E7-48E2-41FE-A704-6DA87BFE57A5}.Release|Any CPU.Build.0 = Release|Any CPU
		{3870A6E7-48E2-41FE-A704-6DA87BFE57A5}.Release|iPhone.ActiveCfg = Release|Any CPU
		{3870A6E7-48E2-41FE-A704-6DA87BFE57A5}.Release|iPhone.Build.0 = Release|Any CPU
		{3870A6E7-48E2-41FE-A704-6DA87BFE57A5}.Release|iPhoneSimulator.ActiveCfg = Release|Any CPU
		{3870A6E7-48E2-41FE-A704-6DA87BFE57A5}.Release|iPhoneSimulator.Build.0 = Release|Any CPU
	EndGlobalSection
	GlobalSection(SolutionProperties) = preSolution
		HideSolutionNode = FALSE
	EndGlobalSection
	GlobalSection(ExtensibilityGlobals) = postSolution
		SolutionGuid = {7AA8EAE1-3A4D-434A-8F6A-970A4CE303D5}
	EndGlobalSection
EndGlobal
